
Microsoft Visual Studio Solution File, Format Version 12.00
# Visual Studio Version 17
VisualStudioVersion = 17.10.35004.147
MinimumVisualStudioVersion = 10.0.40219.1
Project("{2150E333-8FDC-42A3-9474-1A3956D46DE8}") = "Solution Items", "Solution Items", "{3CC84323-41BD-4C3A-85BC-5FE234BF721D}"
	ProjectSection(SolutionItems) = preProject
		.editorconfig = .editorconfig
		..\.gitignore = ..\.gitignore
		Applications.md = Applications.md
		Inhaltsverzeichnis.md = Inhaltsverzeichnis.md
		ReadMe.md = ReadMe.md
		WorkingStructure.md = WorkingStructure.md
	EndProjectSection
EndProject
Project("{9A19103F-16F7-4668-BE54-9A1E7A4F7556}") = "AspNetCoreApp", "AspNetCoreApp\AspNetCoreApp.csproj", "{1A5BE5EF-CB51-4DC6-8BBF-A5AA4A4BDC1A}"
EndProject
Project("{9A19103F-16F7-4668-BE54-9A1E7A4F7556}") = "Codewars", "Codewars\Codewars.csproj", "{F3AB2444-3040-4D70-9A37-096EA30CDA51}"
EndProject
Project("{9A19103F-16F7-4668-BE54-9A1E7A4F7556}") = "DatastructuresAndAlgorithms", "DatastructuresAndAlgorithms\DatastructuresAndAlgorithms.csproj", "{4EBA4549-D9F7-4381-A099-C6E66C8A00B2}"
EndProject
Project("{9A19103F-16F7-4668-BE54-9A1E7A4F7556}") = "DotNet8TipsAndTricks", "DotNet8TipsAndTricks\DotNet8TipsAndTricks.csproj", "{EB3FF97C-1888-488B-910F-E6B4CAE9DA06}"
EndProject
Project("{9A19103F-16F7-4668-BE54-9A1E7A4F7556}") = "DotNetBasicConcepts", "DotNetBasicConcepts\DotNetBasicConcepts.csproj", "{A5654BF9-7965-4BC4-884A-4CFB9E125E98}"
EndProject
Project("{9A19103F-16F7-4668-BE54-9A1E7A4F7556}") = "HostBuilder", "HostBuilder\HostBuilder.csproj", "{DDE50ACB-89F0-45AF-8C33-9EF01805F261}"
EndProject
Project("{9A19103F-16F7-4668-BE54-9A1E7A4F7556}") = "JsonAndMore", "JsonAndMore\JsonAndMore.csproj", "{71279798-25D0-4E4A-9D1C-3A8E2B18ADFA}"
EndProject
Project("{9A19103F-16F7-4668-BE54-9A1E7A4F7556}") = "MyLINQ", "MyLINQ\MyLINQ.csproj", "{CC9404AC-DB8E-4C4B-84B8-94EF597974C4}"
EndProject
Project("{9A19103F-16F7-4668-BE54-9A1E7A4F7556}") = "MyString", "Strings\MyString.csproj", "{77A8274A-FFC9-48EF-9C71-86386469ADC6}"
EndProject
Project("{9A19103F-16F7-4668-BE54-9A1E7A4F7556}") = "MyCollection", "SystemCollection\MyCollection.csproj", "{948B99BA-E39D-456F-A0A3-4276B118F657}"
EndProject
Global
	GlobalSection(SolutionConfigurationPlatforms) = preSolution
		Debug|Any CPU = Debug|Any CPU
		Release|Any CPU = Release|Any CPU
	EndGlobalSection
	GlobalSection(ProjectConfigurationPlatforms) = postSolution
		{1A5BE5EF-CB51-4DC6-8BBF-A5AA4A4BDC1A}.Debug|Any CPU.ActiveCfg = Debug|Any CPU
		{1A5BE5EF-CB51-4DC6-8BBF-A5AA4A4BDC1A}.Debug|Any CPU.Build.0 = Debug|Any CPU
		{1A5BE5EF-CB51-4DC6-8BBF-A5AA4A4BDC1A}.Release|Any CPU.ActiveCfg = Release|Any CPU
		{1A5BE5EF-CB51-4DC6-8BBF-A5AA4A4BDC1A}.Release|Any CPU.Build.0 = Release|Any CPU
		{F3AB2444-3040-4D70-9A37-096EA30CDA51}.Debug|Any CPU.ActiveCfg = Debug|Any CPU
		{F3AB2444-3040-4D70-9A37-096EA30CDA51}.Debug|Any CPU.Build.0 = Debug|Any CPU
		{F3AB2444-3040-4D70-9A37-096EA30CDA51}.Release|Any CPU.ActiveCfg = Release|Any CPU
		{F3AB2444-3040-4D70-9A37-096EA30CDA51}.Release|Any CPU.Build.0 = Release|Any CPU
		{4EBA4549-D9F7-4381-A099-C6E66C8A00B2}.Debug|Any CPU.ActiveCfg = Debug|Any CPU
		{4EBA4549-D9F7-4381-A099-C6E66C8A00B2}.Debug|Any CPU.Build.0 = Debug|Any CPU
		{4EBA4549-D9F7-4381-A099-C6E66C8A00B2}.Release|Any CPU.ActiveCfg = Release|Any CPU
		{4EBA4549-D9F7-4381-A099-C6E66C8A00B2}.Release|Any CPU.Build.0 = Release|Any CPU
		{EB3FF97C-1888-488B-910F-E6B4CAE9DA06}.Debug|Any CPU.ActiveCfg = Debug|Any CPU
		{EB3FF97C-1888-488B-910F-E6B4CAE9DA06}.Debug|Any CPU.Build.0 = Debug|Any CPU
		{EB3FF97C-1888-488B-910F-E6B4CAE9DA06}.Release|Any CPU.ActiveCfg = Release|Any CPU
		{EB3FF97C-1888-488B-910F-E6B4CAE9DA06}.Release|Any CPU.Build.0 = Release|Any CPU
		{A5654BF9-7965-4BC4-884A-4CFB9E125E98}.Debug|Any CPU.ActiveCfg = Debug|Any CPU
		{A5654BF9-7965-4BC4-884A-4CFB9E125E98}.Debug|Any CPU.Build.0 = Debug|Any CPU
		{A5654BF9-7965-4BC4-884A-4CFB9E125E98}.Release|Any CPU.ActiveCfg = Release|Any CPU
		{A5654BF9-7965-4BC4-884A-4CFB9E125E98}.Release|Any CPU.Build.0 = Release|Any CPU
		{DDE50ACB-89F0-45AF-8C33-9EF01805F261}.Debug|Any CPU.ActiveCfg = Debug|Any CPU
		{DDE50ACB-89F0-45AF-8C33-9EF01805F261}.Debug|Any CPU.Build.0 = Debug|Any CPU
		{DDE50ACB-89F0-45AF-8C33-9EF01805F261}.Release|Any CPU.ActiveCfg = Release|Any CPU
		{DDE50ACB-89F0-45AF-8C33-9EF01805F261}.Release|Any CPU.Build.0 = Release|Any CPU
		{71279798-25D0-4E4A-9D1C-3A8E2B18ADFA}.Debug|Any CPU.ActiveCfg = Debug|Any CPU
		{71279798-25D0-4E4A-9D1C-3A8E2B18ADFA}.Debug|Any CPU.Build.0 = Debug|Any CPU
		{71279798-25D0-4E4A-9D1C-3A8E2B18ADFA}.Release|Any CPU.ActiveCfg = Release|Any CPU
		{71279798-25D0-4E4A-9D1C-3A8E2B18ADFA}.Release|Any CPU.Build.0 = Release|Any CPU
		{CC9404AC-DB8E-4C4B-84B8-94EF597974C4}.Debug|Any CPU.ActiveCfg = Debug|Any CPU
		{CC9404AC-DB8E-4C4B-84B8-94EF597974C4}.Debug|Any CPU.Build.0 = Debug|Any CPU
		{CC9404AC-DB8E-4C4B-84B8-94EF597974C4}.Release|Any CPU.ActiveCfg = Release|Any CPU
		{CC9404AC-DB8E-4C4B-84B8-94EF597974C4}.Release|Any CPU.Build.0 = Release|Any CPU
		{77A8274A-FFC9-48EF-9C71-86386469ADC6}.Debug|Any CPU.ActiveCfg = Debug|Any CPU
		{77A8274A-FFC9-48EF-9C71-86386469ADC6}.Debug|Any CPU.Build.0 = Debug|Any CPU
		{77A8274A-FFC9-48EF-9C71-86386469ADC6}.Release|Any CPU.ActiveCfg = Release|Any CPU
		{77A8274A-FFC9-48EF-9C71-86386469ADC6}.Release|Any CPU.Build.0 = Release|Any CPU
		{948B99BA-E39D-456F-A0A3-4276B118F657}.Debug|Any CPU.ActiveCfg = Debug|Any CPU
		{948B99BA-E39D-456F-A0A3-4276B118F657}.Debug|Any CPU.Build.0 = Debug|Any CPU
		{948B99BA-E39D-456F-A0A3-4276B118F657}.Release|Any CPU.ActiveCfg = Release|Any CPU
		{948B99BA-E39D-456F-A0A3-4276B118F657}.Release|Any CPU.Build.0 = Release|Any CPU
	EndGlobalSection
	GlobalSection(SolutionProperties) = preSolution
		HideSolutionNode = FALSE
	EndGlobalSection
	GlobalSection(ExtensibilityGlobals) = postSolution
		SolutionGuid = {5848F184-AC17-4F8E-938A-71349D8828F9}
	EndGlobalSection
EndGlobal
