
Microsoft Visual Studio Solution File, Format Version 12.00
# Visual Studio Version 17
VisualStudioVersion = 17.10.35004.147
MinimumVisualStudioVersion = 10.0.40219.1
Project("{9A19103F-16F7-4668-BE54-9A1E7A4F7556}") = "AspNetCoreApp", "AspNetCoreApp.csproj", "{25F1A53F-B404-4A06-B501-FBF786113AB7}"
EndProject
Project("{2150E333-8FDC-42A3-9474-1A3956D46DE8}") = "Solution Items", "Solution Items", "{3CC84323-41BD-4C3A-85BC-5FE234BF721D}"
	ProjectSection(SolutionItems) = preProject
		.editorconfig = .editorconfig
		Applications.md = Applications.md
		Inhaltsverzeichnis.md = Inhaltsverzeichnis.md
		ReadMe.md = ReadMe.md
		WorkingStructure.md = WorkingStructure.md
	EndProjectSection
EndProject
Project("{9A19103F-16F7-4668-BE54-9A1E7A4F7556}") = "DotNet8TipsAndTricks", "..\DotNet8TipsAndTricks\DotNet8TipsAndTricks.csproj", "{A2B470B3-A160-414B-8229-A898F567256D}"
EndProject
Project("{9A19103F-16F7-4668-BE54-9A1E7A4F7556}") = "HostBuilder", "..\HostBuilder\HostBuilder.csproj", "{80274914-A22D-4C75-9961-5913AD81013E}"
EndProject
Project("{9A19103F-16F7-4668-BE54-9A1E7A4F7556}") = "DotNetBasicConcepts", "..\DotNetBasicConcepts\DotNetBasicConcepts.csproj", "{5A5CD7B5-F063-4224-A084-FC41E672D1C5}"
EndProject
Project("{9A19103F-16F7-4668-BE54-9A1E7A4F7556}") = "MyString", "..\Strings\MyString.csproj", "{A808F864-9D22-4A62-BA3B-5BEE21270380}"
EndProject
Project("{9A19103F-16F7-4668-BE54-9A1E7A4F7556}") = "JsonAndMore", "..\JsonAndMore\JsonAndMore.csproj", "{A1F7F004-9272-4955-9C28-42BBA67AD86A}"
EndProject
Project("{9A19103F-16F7-4668-BE54-9A1E7A4F7556}") = "DatastructuresAndAlgorithms", "..\DatastructuresAndAlgorithms\DatastructuresAndAlgorithms.csproj", "{E822438D-F310-41E8-8032-78F4D7728D96}"
EndProject
Project("{9A19103F-16F7-4668-BE54-9A1E7A4F7556}") = "MyCollection", "..\SystemCollection\MyCollection.csproj", "{67197AF1-3D3D-4F0B-9E96-FCEC9E6600C1}"
EndProject
Project("{9A19103F-16F7-4668-BE54-9A1E7A4F7556}") = "MyLINQ", "..\MyLINQ\MyLINQ.csproj", "{B0908616-7A3C-4828-B304-16E1206B0DFE}"
EndProject
Project("{9A19103F-16F7-4668-BE54-9A1E7A4F7556}") = "Codewars", "..\Codewars\Codewars.csproj", "{A6C81C0B-3328-4AC3-85B0-71634E1D5B3C}"
EndProject
Global
	GlobalSection(SolutionConfigurationPlatforms) = preSolution
		Debug|Any CPU = Debug|Any CPU
		Release|Any CPU = Release|Any CPU
	EndGlobalSection
	GlobalSection(ProjectConfigurationPlatforms) = postSolution
		{25F1A53F-B404-4A06-B501-FBF786113AB7}.Debug|Any CPU.ActiveCfg = Debug|Any CPU
		{25F1A53F-B404-4A06-B501-FBF786113AB7}.Debug|Any CPU.Build.0 = Debug|Any CPU
		{25F1A53F-B404-4A06-B501-FBF786113AB7}.Release|Any CPU.ActiveCfg = Release|Any CPU
		{25F1A53F-B404-4A06-B501-FBF786113AB7}.Release|Any CPU.Build.0 = Release|Any CPU
		{A2B470B3-A160-414B-8229-A898F567256D}.Debug|Any CPU.ActiveCfg = Debug|Any CPU
		{A2B470B3-A160-414B-8229-A898F567256D}.Debug|Any CPU.Build.0 = Debug|Any CPU
		{A2B470B3-A160-414B-8229-A898F567256D}.Release|Any CPU.ActiveCfg = Release|Any CPU
		{A2B470B3-A160-414B-8229-A898F567256D}.Release|Any CPU.Build.0 = Release|Any CPU
		{80274914-A22D-4C75-9961-5913AD81013E}.Debug|Any CPU.ActiveCfg = Debug|Any CPU
		{80274914-A22D-4C75-9961-5913AD81013E}.Debug|Any CPU.Build.0 = Debug|Any CPU
		{80274914-A22D-4C75-9961-5913AD81013E}.Release|Any CPU.ActiveCfg = Release|Any CPU
		{80274914-A22D-4C75-9961-5913AD81013E}.Release|Any CPU.Build.0 = Release|Any CPU
		{5A5CD7B5-F063-4224-A084-FC41E672D1C5}.Debug|Any CPU.ActiveCfg = Debug|Any CPU
		{5A5CD7B5-F063-4224-A084-FC41E672D1C5}.Debug|Any CPU.Build.0 = Debug|Any CPU
		{5A5CD7B5-F063-4224-A084-FC41E672D1C5}.Release|Any CPU.ActiveCfg = Release|Any CPU
		{5A5CD7B5-F063-4224-A084-FC41E672D1C5}.Release|Any CPU.Build.0 = Release|Any CPU
		{A808F864-9D22-4A62-BA3B-5BEE21270380}.Debug|Any CPU.ActiveCfg = Debug|Any CPU
		{A808F864-9D22-4A62-BA3B-5BEE21270380}.Debug|Any CPU.Build.0 = Debug|Any CPU
		{A808F864-9D22-4A62-BA3B-5BEE21270380}.Release|Any CPU.ActiveCfg = Release|Any CPU
		{A808F864-9D22-4A62-BA3B-5BEE21270380}.Release|Any CPU.Build.0 = Release|Any CPU
		{A1F7F004-9272-4955-9C28-42BBA67AD86A}.Debug|Any CPU.ActiveCfg = Debug|Any CPU
		{A1F7F004-9272-4955-9C28-42BBA67AD86A}.Debug|Any CPU.Build.0 = Debug|Any CPU
		{A1F7F004-9272-4955-9C28-42BBA67AD86A}.Release|Any CPU.ActiveCfg = Release|Any CPU
		{A1F7F004-9272-4955-9C28-42BBA67AD86A}.Release|Any CPU.Build.0 = Release|Any CPU
		{E822438D-F310-41E8-8032-78F4D7728D96}.Debug|Any CPU.ActiveCfg = Debug|Any CPU
		{E822438D-F310-41E8-8032-78F4D7728D96}.Debug|Any CPU.Build.0 = Debug|Any CPU
		{E822438D-F310-41E8-8032-78F4D7728D96}.Release|Any CPU.ActiveCfg = Release|Any CPU
		{E822438D-F310-41E8-8032-78F4D7728D96}.Release|Any CPU.Build.0 = Release|Any CPU
		{67197AF1-3D3D-4F0B-9E96-FCEC9E6600C1}.Debug|Any CPU.ActiveCfg = Debug|Any CPU
		{67197AF1-3D3D-4F0B-9E96-FCEC9E6600C1}.Debug|Any CPU.Build.0 = Debug|Any CPU
		{67197AF1-3D3D-4F0B-9E96-FCEC9E6600C1}.Release|Any CPU.ActiveCfg = Release|Any CPU
		{67197AF1-3D3D-4F0B-9E96-FCEC9E6600C1}.Release|Any CPU.Build.0 = Release|Any CPU
		{B0908616-7A3C-4828-B304-16E1206B0DFE}.Debug|Any CPU.ActiveCfg = Debug|Any CPU
		{B0908616-7A3C-4828-B304-16E1206B0DFE}.Debug|Any CPU.Build.0 = Debug|Any CPU
		{B0908616-7A3C-4828-B304-16E1206B0DFE}.Release|Any CPU.ActiveCfg = Release|Any CPU
		{B0908616-7A3C-4828-B304-16E1206B0DFE}.Release|Any CPU.Build.0 = Release|Any CPU
		{A6C81C0B-3328-4AC3-85B0-71634E1D5B3C}.Debug|Any CPU.ActiveCfg = Debug|Any CPU
		{A6C81C0B-3328-4AC3-85B0-71634E1D5B3C}.Debug|Any CPU.Build.0 = Debug|Any CPU
		{A6C81C0B-3328-4AC3-85B0-71634E1D5B3C}.Release|Any CPU.ActiveCfg = Release|Any CPU
		{A6C81C0B-3328-4AC3-85B0-71634E1D5B3C}.Release|Any CPU.Build.0 = Release|Any CPU
	EndGlobalSection
	GlobalSection(SolutionProperties) = preSolution
		HideSolutionNode = FALSE
	EndGlobalSection
	GlobalSection(ExtensibilityGlobals) = postSolution
		SolutionGuid = {5848F184-AC17-4F8E-938A-71349D8828F9}
	EndGlobalSection
EndGlobal
